// !$*UTF8*$!
{
	archiveVersion = 1;
	classes = {
	};
	objectVersion = 56;
	objects = {

/* Begin PBXBuildFile section */
		752373162942C25E001B5A3A /* QRReaderApp.swift in Sources */ = {isa = PBXBuildFile; fileRef = 752373152942C25E001B5A3A /* QRReaderApp.swift */; };
		752373182942C25E001B5A3A /* ContentView.swift in Sources */ = {isa = PBXBuildFile; fileRef = 752373172942C25E001B5A3A /* ContentView.swift */; };
		7523731A2942C25F001B5A3A /* Assets.xcassets in Resources */ = {isa = PBXBuildFile; fileRef = 752373192942C25F001B5A3A /* Assets.xcassets */; };
		7523731D2942C25F001B5A3A /* Preview Assets.xcassets in Resources */ = {isa = PBXBuildFile; fileRef = 7523731C2942C25F001B5A3A /* Preview Assets.xcassets */; };
		752373272942C25F001B5A3A /* QRReaderTests.swift in Sources */ = {isa = PBXBuildFile; fileRef = 752373262942C25F001B5A3A /* QRReaderTests.swift */; };
		752373312942C25F001B5A3A /* QRReaderUITests.swift in Sources */ = {isa = PBXBuildFile; fileRef = 752373302942C25F001B5A3A /* QRReaderUITests.swift */; };
		752373332942C25F001B5A3A /* QRReaderUITestsLaunchTests.swift in Sources */ = {isa = PBXBuildFile; fileRef = 752373322942C25F001B5A3A /* QRReaderUITestsLaunchTests.swift */; };
		752373402942C30C001B5A3A /* CodeScannerView.swift in Sources */ = {isa = PBXBuildFile; fileRef = 7523733F2942C30C001B5A3A /* CodeScannerView.swift */; };
		752373432942C3B0001B5A3A /* ScannerViewController.swift in Sources */ = {isa = PBXBuildFile; fileRef = 752373422942C3B0001B5A3A /* ScannerViewController.swift */; };
/* End PBXBuildFile section */

/* Begin PBXContainerItemProxy section */
		752373232942C25F001B5A3A /* PBXContainerItemProxy */ = {
			isa = PBXContainerItemProxy;
			containerPortal = 7523730A2942C25E001B5A3A /* Project object */;
			proxyType = 1;
			remoteGlobalIDString = 752373112942C25E001B5A3A;
			remoteInfo = QRReader;
		};
		7523732D2942C25F001B5A3A /* PBXContainerItemProxy */ = {
			isa = PBXContainerItemProxy;
			containerPortal = 7523730A2942C25E001B5A3A /* Project object */;
			proxyType = 1;
			remoteGlobalIDString = 752373112942C25E001B5A3A;
			remoteInfo = QRReader;
		};
/* End PBXContainerItemProxy section */

/* Begin PBXFileReference section */
		752373122942C25E001B5A3A /* QRReader.app */ = {isa = PBXFileReference; explicitFileType = wrapper.application; includeInIndex = 0; path = QRReader.app; sourceTree = BUILT_PRODUCTS_DIR; };
		752373152942C25E001B5A3A /* QRReaderApp.swift */ = {isa = PBXFileReference; lastKnownFileType = sourcecode.swift; path = QRReaderApp.swift; sourceTree = "<group>"; };
		752373172942C25E001B5A3A /* ContentView.swift */ = {isa = PBXFileReference; lastKnownFileType = sourcecode.swift; path = ContentView.swift; sourceTree = "<group>"; };
		752373192942C25F001B5A3A /* Assets.xcassets */ = {isa = PBXFileReference; lastKnownFileType = folder.assetcatalog; path = Assets.xcassets; sourceTree = "<group>"; };
		7523731C2942C25F001B5A3A /* Preview Assets.xcassets */ = {isa = PBXFileReference; lastKnownFileType = folder.assetcatalog; path = "Preview Assets.xcassets"; sourceTree = "<group>"; };
		752373222942C25F001B5A3A /* QRReaderTests.xctest */ = {isa = PBXFileReference; explicitFileType = wrapper.cfbundle; includeInIndex = 0; path = QRReaderTests.xctest; sourceTree = BUILT_PRODUCTS_DIR; };
		752373262942C25F001B5A3A /* QRReaderTests.swift */ = {isa = PBXFileReference; lastKnownFileType = sourcecode.swift; path = QRReaderTests.swift; sourceTree = "<group>"; };
		7523732C2942C25F001B5A3A /* QRReaderUITests.xctest */ = {isa = PBXFileReference; explicitFileType = wrapper.cfbundle; includeInIndex = 0; path = QRReaderUITests.xctest; sourceTree = BUILT_PRODUCTS_DIR; };
		752373302942C25F001B5A3A /* QRReaderUITests.swift */ = {isa = PBXFileReference; lastKnownFileType = sourcecode.swift; path = QRReaderUITests.swift; sourceTree = "<group>"; };
		752373322942C25F001B5A3A /* QRReaderUITestsLaunchTests.swift */ = {isa = PBXFileReference; lastKnownFileType = sourcecode.swift; path = QRReaderUITestsLaunchTests.swift; sourceTree = "<group>"; };
		7523733F2942C30C001B5A3A /* CodeScannerView.swift */ = {isa = PBXFileReference; lastKnownFileType = sourcecode.swift; path = CodeScannerView.swift; sourceTree = "<group>"; };
		752373422942C3B0001B5A3A /* ScannerViewController.swift */ = {isa = PBXFileReference; lastKnownFileType = sourcecode.swift; path = ScannerViewController.swift; sourceTree = "<group>"; };
/* End PBXFileReference section */

/* Begin PBXFrameworksBuildPhase section */
		7523730F2942C25E001B5A3A /* Frameworks */ = {
			isa = PBXFrameworksBuildPhase;
			buildActionMask = 2147483647;
			files = (
			);
			runOnlyForDeploymentPostprocessing = 0;
		};
		7523731F2942C25F001B5A3A /* Frameworks */ = {
			isa = PBXFrameworksBuildPhase;
			buildActionMask = 2147483647;
			files = (
			);
			runOnlyForDeploymentPostprocessing = 0;
		};
		752373292942C25F001B5A3A /* Frameworks */ = {
			isa = PBXFrameworksBuildPhase;
			buildActionMask = 2147483647;
			files = (
			);
			runOnlyForDeploymentPostprocessing = 0;
		};
/* End PBXFrameworksBuildPhase section */

/* Begin PBXGroup section */
		752373092942C25E001B5A3A = {
			isa = PBXGroup;
			children = (
				752373142942C25E001B5A3A /* QRReader */,
				752373252942C25F001B5A3A /* QRReaderTests */,
				7523732F2942C25F001B5A3A /* QRReaderUITests */,
				752373132942C25E001B5A3A /* Products */,
			);
			sourceTree = "<group>";
		};
		752373132942C25E001B5A3A /* Products */ = {
			isa = PBXGroup;
			children = (
				752373122942C25E001B5A3A /* QRReader.app */,
				752373222942C25F001B5A3A /* QRReaderTests.xctest */,
				7523732C2942C25F001B5A3A /* QRReaderUITests.xctest */,
			);
			name = Products;
			sourceTree = "<group>";
		};
		752373142942C25E001B5A3A /* QRReader */ = {
			isa = PBXGroup;
			children = (
				752373412942C315001B5A3A /* QR */,
				752373152942C25E001B5A3A /* QRReaderApp.swift */,
				752373172942C25E001B5A3A /* ContentView.swift */,
				752373192942C25F001B5A3A /* Assets.xcassets */,
				7523731B2942C25F001B5A3A /* Preview Content */,
			);
			path = QRReader;
			sourceTree = "<group>";
		};
		7523731B2942C25F001B5A3A /* Preview Content */ = {
			isa = PBXGroup;
			children = (
				7523731C2942C25F001B5A3A /* Preview Assets.xcassets */,
			);
			path = "Preview Content";
			sourceTree = "<group>";
		};
		752373252942C25F001B5A3A /* QRReaderTests */ = {
			isa = PBXGroup;
			children = (
				752373262942C25F001B5A3A /* QRReaderTests.swift */,
			);
			path = QRReaderTests;
			sourceTree = "<group>";
		};
		7523732F2942C25F001B5A3A /* QRReaderUITests */ = {
			isa = PBXGroup;
			children = (
				752373302942C25F001B5A3A /* QRReaderUITests.swift */,
				752373322942C25F001B5A3A /* QRReaderUITestsLaunchTests.swift */,
			);
			path = QRReaderUITests;
			sourceTree = "<group>";
		};
		752373412942C315001B5A3A /* QR */ = {
			isa = PBXGroup;
			children = (
				7523733F2942C30C001B5A3A /* CodeScannerView.swift */,
				752373422942C3B0001B5A3A /* ScannerViewController.swift */,
			);
			path = QR;
			sourceTree = "<group>";
		};
/* End PBXGroup section */

/* Begin PBXNativeTarget section */
		752373112942C25E001B5A3A /* QRReader */ = {
			isa = PBXNativeTarget;
			buildConfigurationList = 752373362942C25F001B5A3A /* Build configuration list for PBXNativeTarget "QRReader" */;
			buildPhases = (
				7523730E2942C25E001B5A3A /* Sources */,
				7523730F2942C25E001B5A3A /* Frameworks */,
				752373102942C25E001B5A3A /* Resources */,
			);
			buildRules = (
			);
			dependencies = (
			);
			name = QRReader;
			productName = QRReader;
			productReference = 752373122942C25E001B5A3A /* QRReader.app */;
			productType = "com.apple.product-type.application";
		};
		752373212942C25F001B5A3A /* QRReaderTests */ = {
			isa = PBXNativeTarget;
			buildConfigurationList = 752373392942C25F001B5A3A /* Build configuration list for PBXNativeTarget "QRReaderTests" */;
			buildPhases = (
				7523731E2942C25F001B5A3A /* Sources */,
				7523731F2942C25F001B5A3A /* Frameworks */,
				752373202942C25F001B5A3A /* Resources */,
			);
			buildRules = (
			);
			dependencies = (
				752373242942C25F001B5A3A /* PBXTargetDependency */,
			);
			name = QRReaderTests;
			productName = QRReaderTests;
			productReference = 752373222942C25F001B5A3A /* QRReaderTests.xctest */;
			productType = "com.apple.product-type.bundle.unit-test";
		};
		7523732B2942C25F001B5A3A /* QRReaderUITests */ = {
			isa = PBXNativeTarget;
			buildConfigurationList = 7523733C2942C25F001B5A3A /* Build configuration list for PBXNativeTarget "QRReaderUITests" */;
			buildPhases = (
				752373282942C25F001B5A3A /* Sources */,
				752373292942C25F001B5A3A /* Frameworks */,
				7523732A2942C25F001B5A3A /* Resources */,
			);
			buildRules = (
			);
			dependencies = (
				7523732E2942C25F001B5A3A /* PBXTargetDependency */,
			);
			name = QRReaderUITests;
			productName = QRReaderUITests;
			productReference = 7523732C2942C25F001B5A3A /* QRReaderUITests.xctest */;
			productType = "com.apple.product-type.bundle.ui-testing";
		};
/* End PBXNativeTarget section */

/* Begin PBXProject section */
		7523730A2942C25E001B5A3A /* Project object */ = {
			isa = PBXProject;
			attributes = {
				BuildIndependentTargetsInParallel = 1;
				LastSwiftUpdateCheck = 1410;
				LastUpgradeCheck = 1410;
				TargetAttributes = {
					752373112942C25E001B5A3A = {
						CreatedOnToolsVersion = 14.1;
					};
					752373212942C25F001B5A3A = {
						CreatedOnToolsVersion = 14.1;
						TestTargetID = 752373112942C25E001B5A3A;
					};
					7523732B2942C25F001B5A3A = {
						CreatedOnToolsVersion = 14.1;
						TestTargetID = 752373112942C25E001B5A3A;
					};
				};
			};
			buildConfigurationList = 7523730D2942C25E001B5A3A /* Build configuration list for PBXProject "QRReader" */;
			compatibilityVersion = "Xcode 14.0";
			developmentRegion = en;
			hasScannedForEncodings = 0;
			knownRegions = (
				en,
				Base,
			);
			mainGroup = 752373092942C25E001B5A3A;
			productRefGroup = 752373132942C25E001B5A3A /* Products */;
			projectDirPath = "";
			projectRoot = "";
			targets = (
				752373112942C25E001B5A3A /* QRReader */,
				752373212942C25F001B5A3A /* QRReaderTests */,
				7523732B2942C25F001B5A3A /* QRReaderUITests */,
			);
		};
/* End PBXProject section */

/* Begin PBXResourcesBuildPhase section */
		752373102942C25E001B5A3A /* Resources */ = {
			isa = PBXResourcesBuildPhase;
			buildActionMask = 2147483647;
			files = (
				7523731D2942C25F001B5A3A /* Preview Assets.xcassets in Resources */,
				7523731A2942C25F001B5A3A /* Assets.xcassets in Resources */,
			);
			runOnlyForDeploymentPostprocessing = 0;
		};
		752373202942C25F001B5A3A /* Resources */ = {
			isa = PBXResourcesBuildPhase;
			buildActionMask = 2147483647;
			files = (
			);
			runOnlyForDeploymentPostprocessing = 0;
		};
		7523732A2942C25F001B5A3A /* Resources */ = {
			isa = PBXResourcesBuildPhase;
			buildActionMask = 2147483647;
			files = (
			);
			runOnlyForDeploymentPostprocessing = 0;
		};
/* End PBXResourcesBuildPhase section */

/* Begin PBXSourcesBuildPhase section */
		7523730E2942C25E001B5A3A /* Sources */ = {
			isa = PBXSourcesBuildPhase;
			buildActionMask = 2147483647;
			files = (
				752373182942C25E001B5A3A /* ContentView.swift in Sources */,
				752373402942C30C001B5A3A /* CodeScannerView.swift in Sources */,
				752373162942C25E001B5A3A /* QRReaderApp.swift in Sources */,
				752373432942C3B0001B5A3A /* ScannerViewController.swift in Sources */,
			);
			runOnlyForDeploymentPostprocessing = 0;
		};
		7523731E2942C25F001B5A3A /* Sources */ = {
			isa = PBXSourcesBuildPhase;
			buildActionMask = 2147483647;
			files = (
				752373272942C25F001B5A3A /* QRReaderTests.swift in Sources */,
			);
			runOnlyForDeploymentPostprocessing = 0;
		};
		752373282942C25F001B5A3A /* Sources */ = {
			isa = PBXSourcesBuildPhase;
			buildActionMask = 2147483647;
			files = (
				752373332942C25F001B5A3A /* QRReaderUITestsLaunchTests.swift in Sources */,
				752373312942C25F001B5A3A /* QRReaderUITests.swift in Sources */,
			);
			runOnlyForDeploymentPostprocessing = 0;
		};
/* End PBXSourcesBuildPhase section */

/* Begin PBXTargetDependency section */
		752373242942C25F001B5A3A /* PBXTargetDependency */ = {
			isa = PBXTargetDependency;
			target = 752373112942C25E001B5A3A /* QRReader */;
			targetProxy = 752373232942C25F001B5A3A /* PBXContainerItemProxy */;
		};
		7523732E2942C25F001B5A3A /* PBXTargetDependency */ = {
			isa = PBXTargetDependency;
			target = 752373112942C25E001B5A3A /* QRReader */;
			targetProxy = 7523732D2942C25F001B5A3A /* PBXContainerItemProxy */;
		};
/* End PBXTargetDependency section */

/* Begin XCBuildConfiguration section */
		752373342942C25F001B5A3A /* Debug */ = {
			isa = XCBuildConfiguration;
			buildSettings = {
				ALWAYS_SEARCH_USER_PATHS = NO;
				CLANG_ANALYZER_NONNULL = YES;
				CLANG_ANALYZER_NUMBER_OBJECT_CONVERSION = YES_AGGRESSIVE;
				CLANG_CXX_LANGUAGE_STANDARD = "gnu++20";
				CLANG_ENABLE_MODULES = YES;
				CLANG_ENABLE_OBJC_ARC = YES;
				CLANG_ENABLE_OBJC_WEAK = YES;
				CLANG_WARN_BLOCK_CAPTURE_AUTORELEASING = YES;
				CLANG_WARN_BOOL_CONVERSION = YES;
				CLANG_WARN_COMMA = YES;
				CLANG_WARN_CONSTANT_CONVERSION = YES;
				CLANG_WARN_DEPRECATED_OBJC_IMPLEMENTATIONS = YES;
				CLANG_WARN_DIRECT_OBJC_ISA_USAGE = YES_ERROR;
				CLANG_WARN_DOCUMENTATION_COMMENTS = YES;
				CLANG_WARN_EMPTY_BODY = YES;
				CLANG_WARN_ENUM_CONVERSION = YES;
				CLANG_WARN_INFINITE_RECURSION = YES;
				CLANG_WARN_INT_CONVERSION = YES;
				CLANG_WARN_NON_LITERAL_NULL_CONVERSION = YES;
				CLANG_WARN_OBJC_IMPLICIT_RETAIN_SELF = YES;
				CLANG_WARN_OBJC_LITERAL_CONVERSION = YES;
				CLANG_WARN_OBJC_ROOT_CLASS = YES_ERROR;
				CLANG_WARN_QUOTED_INCLUDE_IN_FRAMEWORK_HEADER = YES;
				CLANG_WARN_RANGE_LOOP_ANALYSIS = YES;
				CLANG_WARN_STRICT_PROTOTYPES = YES;
				CLANG_WARN_SUSPICIOUS_MOVE = YES;
				CLANG_WARN_UNGUARDED_AVAILABILITY = YES_AGGRESSIVE;
				CLANG_WARN_UNREACHABLE_CODE = YES;
				CLANG_WARN__DUPLICATE_METHOD_MATCH = YES;
				COPY_PHASE_STRIP = NO;
				DEBUG_INFORMATION_FORMAT = dwarf;
				ENABLE_STRICT_OBJC_MSGSEND = YES;
				ENABLE_TESTABILITY = YES;
				GCC_C_LANGUAGE_STANDARD = gnu11;
				GCC_DYNAMIC_NO_PIC = NO;
				GCC_NO_COMMON_BLOCKS = YES;
				GCC_OPTIMIZATION_LEVEL = 0;
				GCC_PREPROCESSOR_DEFINITIONS = (
					"DEBUG=1",
					"$(inherited)",
				);
				GCC_WARN_64_TO_32_BIT_CONVERSION = YES;
				GCC_WARN_ABOUT_RETURN_TYPE = YES_ERROR;
				GCC_WARN_UNDECLARED_SELECTOR = YES;
				GCC_WARN_UNINITIALIZED_AUTOS = YES_AGGRESSIVE;
				GCC_WARN_UNUSED_FUNCTION = YES;
				GCC_WARN_UNUSED_VARIABLE = YES;
				IPHONEOS_DEPLOYMENT_TARGET = 16.1;
				MTL_ENABLE_DEBUG_INFO = INCLUDE_SOURCE;
				MTL_FAST_MATH = YES;
				ONLY_ACTIVE_ARCH = YES;
				SDKROOT = iphoneos;
				SWIFT_ACTIVE_COMPILATION_CONDITIONS = DEBUG;
				SWIFT_OPTIMIZATION_LEVEL = "-Onone";
			};
			name = Debug;
		};
		752373352942C25F001B5A3A /* Release */ = {
			isa = XCBuildConfiguration;
			buildSettings = {
				ALWAYS_SEARCH_USER_PATHS = NO;
				CLANG_ANALYZER_NONNULL = YES;
				CLANG_ANALYZER_NUMBER_OBJECT_CONVERSION = YES_AGGRESSIVE;
				CLANG_CXX_LANGUAGE_STANDARD = "gnu++20";
				CLANG_ENABLE_MODULES = YES;
				CLANG_ENABLE_OBJC_ARC = YES;
				CLANG_ENABLE_OBJC_WEAK = YES;
				CLANG_WARN_BLOCK_CAPTURE_AUTORELEASING = YES;
				CLANG_WARN_BOOL_CONVERSION = YES;
				CLANG_WARN_COMMA = YES;
				CLANG_WARN_CONSTANT_CONVERSION = YES;
				CLANG_WARN_DEPRECATED_OBJC_IMPLEMENTATIONS = YES;
				CLANG_WARN_DIRECT_OBJC_ISA_USAGE = YES_ERROR;
				CLANG_WARN_DOCUMENTATION_COMMENTS = YES;
				CLANG_WARN_EMPTY_BODY = YES;
				CLANG_WARN_ENUM_CONVERSION = YES;
				CLANG_WARN_INFINITE_RECURSION = YES;
				CLANG_WARN_INT_CONVERSION = YES;
				CLANG_WARN_NON_LITERAL_NULL_CONVERSION = YES;
				CLANG_WARN_OBJC_IMPLICIT_RETAIN_SELF = YES;
				CLANG_WARN_OBJC_LITERAL_CONVERSION = YES;
				CLANG_WARN_OBJC_ROOT_CLASS = YES_ERROR;
				CLANG_WARN_QUOTED_INCLUDE_IN_FRAMEWORK_HEADER = YES;
				CLANG_WARN_RANGE_LOOP_ANALYSIS = YES;
				CLANG_WARN_STRICT_PROTOTYPES = YES;
				CLANG_WARN_SUSPICIOUS_MOVE = YES;
				CLANG_WARN_UNGUARDED_AVAILABILITY = YES_AGGRESSIVE;
				CLANG_WARN_UNREACHABLE_CODE = YES;
				CLANG_WARN__DUPLICATE_METHOD_MATCH = YES;
				COPY_PHASE_STRIP = NO;
				DEBUG_INFORMATION_FORMAT = "dwarf-with-dsym";
				ENABLE_NS_ASSERTIONS = NO;
				ENABLE_STRICT_OBJC_MSGSEND = YES;
				GCC_C_LANGUAGE_STANDARD = gnu11;
				GCC_NO_COMMON_BLOCKS = YES;
				GCC_WARN_64_TO_32_BIT_CONVERSION = YES;
				GCC_WARN_ABOUT_RETURN_TYPE = YES_ERROR;
				GCC_WARN_UNDECLARED_SELECTOR = YES;
				GCC_WARN_UNINITIALIZED_AUTOS = YES_AGGRESSIVE;
				GCC_WARN_UNUSED_FUNCTION = YES;
				GCC_WARN_UNUSED_VARIABLE = YES;
				IPHONEOS_DEPLOYMENT_TARGET = 16.1;
				MTL_ENABLE_DEBUG_INFO = NO;
				MTL_FAST_MATH = YES;
				SDKROOT = iphoneos;
				SWIFT_COMPILATION_MODE = wholemodule;
				SWIFT_OPTIMIZATION_LEVEL = "-O";
				VALIDATE_PRODUCT = YES;
			};
			name = Release;
		};
		752373372942C25F001B5A3A /* Debug */ = {
			isa = XCBuildConfiguration;
			buildSettings = {
				ASSETCATALOG_COMPILER_APPICON_NAME = AppIcon;
				ASSETCATALOG_COMPILER_GLOBAL_ACCENT_COLOR_NAME = AccentColor;
				CODE_SIGN_STYLE = Automatic;
				CURRENT_PROJECT_VERSION = 1;
				DEVELOPMENT_ASSET_PATHS = "\"QRReader/Preview Content\"";
				DEVELOPMENT_TEAM = 22D2PBB7CN;
				ENABLE_PREVIEWS = YES;
				GENERATE_INFOPLIST_FILE = YES;
				INFOPLIST_KEY_UIApplicationSceneManifest_Generation = YES;
				INFOPLIST_KEY_UIApplicationSupportsIndirectInputEvents = YES;
				INFOPLIST_KEY_UILaunchScreen_Generation = YES;
				INFOPLIST_KEY_UISupportedInterfaceOrientations_iPad = "UIInterfaceOrientationPortrait UIInterfaceOrientationPortraitUpsideDown UIInterfaceOrientationLandscapeLeft UIInterfaceOrientationLandscapeRight";
				INFOPLIST_KEY_UISupportedInterfaceOrientations_iPhone = "UIInterfaceOrientationPortrait UIInterfaceOrientationLandscapeLeft UIInterfaceOrientationLandscapeRight";
				IPHONEOS_DEPLOYMENT_TARGET = 15.0;
				LD_RUNPATH_SEARCH_PATHS = (
					"$(inherited)",
					"@executable_path/Frameworks",
				);
				MARKETING_VERSION = 1.0;
				PRODUCT_BUNDLE_IDENTIFIER = com.secuve.QRReader;
				PRODUCT_NAME = "$(TARGET_NAME)";
				SWIFT_EMIT_LOC_STRINGS = YES;
				SWIFT_VERSION = 5.0;
				TARGETED_DEVICE_FAMILY = "1,2";
			};
			name = Debug;
		};
		752373382942C25F001B5A3A /* Release */ = {
			isa = XCBuildConfiguration;
			buildSettings = {
				ASSETCATALOG_COMPILER_APPICON_NAME = AppIcon;
				ASSETCATALOG_COMPILER_GLOBAL_ACCENT_COLOR_NAME = AccentColor;
				CODE_SIGN_STYLE = Automatic;
				CURRENT_PROJECT_VERSION = 1;
				DEVELOPMENT_ASSET_PATHS = "\"QRReader/Preview Content\"";
				DEVELOPMENT_TEAM = 22D2PBB7CN;
				ENABLE_PREVIEWS = YES;
				GENERATE_INFOPLIST_FILE = YES;
				INFOPLIST_KEY_UIApplicationSceneManifest_Generation = YES;
				INFOPLIST_KEY_UIApplicationSupportsIndirectInputEvents = YES;
				INFOPLIST_KEY_UILaunchScreen_Generation = YES;
				INFOPLIST_KEY_UISupportedInterfaceOrientations_iPad = "UIInterfaceOrientationPortrait UIInterfaceOrientationPortraitUpsideDown UIInterfaceOrientationLandscapeLeft UIInterfaceOrientationLandscapeRight";
				INFOPLIST_KEY_UISupportedInterfaceOrientations_iPhone = "UIInterfaceOrientationPortrait UIInterfaceOrientationLandscapeLeft UIInterfaceOrientationLandscapeRight";
				IPHONEOS_DEPLOYMENT_TARGET = 15.0;
				LD_RUNPATH_SEARCH_PATHS = (
					"$(inherited)",
					"@executable_path/Frameworks",
				);
				MARKETING_VERSION = 1.0;
				PRODUCT_BUNDLE_IDENTIFIER = com.secuve.QRReader;
				PRODUCT_NAME = "$(TARGET_NAME)";
				SWIFT_EMIT_LOC_STRINGS = YES;
				SWIFT_VERSION = 5.0;
				TARGETED_DEVICE_FAMILY = "1,2";
			};
			name = Release;
		};
		7523733A2942C25F001B5A3A /* Debug */ = {
			isa = XCBuildConfiguration;
			buildSettings = {
				ALWAYS_EMBED_SWIFT_STANDARD_LIBRARIES = YES;
				BUNDLE_LOADER = "$(TEST_HOST)";
				CODE_SIGN_STYLE = Automatic;
				CURRENT_PROJECT_VERSION = 1;
				DEVELOPMENT_TEAM = 22D2PBB7CN;
				GENERATE_INFOPLIST_FILE = YES;
				IPHONEOS_DEPLOYMENT_TARGET = 16.1;
				MARKETING_VERSION = 1.0;
				PRODUCT_BUNDLE_IDENTIFIER = com.secuve.QRReaderTests;
				PRODUCT_NAME = "$(TARGET_NAME)";
				SWIFT_EMIT_LOC_STRINGS = NO;
				SWIFT_VERSION = 5.0;
				TARGETED_DEVICE_FAMILY = "1,2";
				TEST_HOST = "$(BUILT_PRODUCTS_DIR)/QRReader.app/$(BUNDLE_EXECUTABLE_FOLDER_PATH)/QRReader";
			};
			name = Debug;
		};
		7523733B2942C25F001B5A3A /* Release */ = {
			isa = XCBuildConfiguration;
			buildSettings = {
				ALWAYS_EMBED_SWIFT_STANDARD_LIBRARIES = YES;
				BUNDLE_LOADER = "$(TEST_HOST)";
				CODE_SIGN_STYLE = Automatic;
				CURRENT_PROJECT_VERSION = 1;
				DEVELOPMENT_TEAM = 22D2PBB7CN;
				GENERATE_INFOPLIST_FILE = YES;
				IPHONEOS_DEPLOYMENT_TARGET = 16.1;
				MARKETING_VERSION = 1.0;
				PRODUCT_BUNDLE_IDENTIFIER = com.secuve.QRReaderTests;
				PRODUCT_NAME = "$(TARGET_NAME)";
				SWIFT_EMIT_LOC_STRINGS = NO;
				SWIFT_VERSION = 5.0;
				TARGETED_DEVICE_FAMILY = "1,2";
				TEST_HOST = "$(BUILT_PRODUCTS_DIR)/QRReader.app/$(BUNDLE_EXECUTABLE_FOLDER_PATH)/QRReader";
			};
			name = Release;
		};
		7523733D2942C25F001B5A3A /* Debug */ = {
			isa = XCBuildConfiguration;
			buildSettings = {
				ALWAYS_EMBED_SWIFT_STANDARD_LIBRARIES = YES;
				CODE_SIGN_STYLE = Automatic;
				CURRENT_PROJECT_VERSION = 1;
				DEVELOPMENT_TEAM = 22D2PBB7CN;
				GENERATE_INFOPLIST_FILE = YES;
				MARKETING_VERSION = 1.0;
				PRODUCT_BUNDLE_IDENTIFIER = com.secuve.QRReaderUITests;
				PRODUCT_NAME = "$(TARGET_NAME)";
				SWIFT_EMIT_LOC_STRINGS = NO;
				SWIFT_VERSION = 5.0;
				TARGETED_DEVICE_FAMILY = "1,2";
				TEST_TARGET_NAME = QRReader;
			};
			name = Debug;
		};
		7523733E2942C25F001B5A3A /* Release */ = {
			isa = XCBuildConfiguration;
			buildSettings = {
				ALWAYS_EMBED_SWIFT_STANDARD_LIBRARIES = YES;
				CODE_SIGN_STYLE = Automatic;
				CURRENT_PROJECT_VERSION = 1;
				DEVELOPMENT_TEAM = 22D2PBB7CN;
				GENERATE_INFOPLIST_FILE = YES;
				MARKETING_VERSION = 1.0;
				PRODUCT_BUNDLE_IDENTIFIER = com.secuve.QRReaderUITests;
				PRODUCT_NAME = "$(TARGET_NAME)";
				SWIFT_EMIT_LOC_STRINGS = NO;
				SWIFT_VERSION = 5.0;
				TARGETED_DEVICE_FAMILY = "1,2";
				TEST_TARGET_NAME = QRReader;
			};
			name = Release;
		};
/* End XCBuildConfiguration section */

/* Begin XCConfigurationList section */
		7523730D2942C25E001B5A3A /* Build configuration list for PBXProject "QRReader" */ = {
			isa = XCConfigurationList;
			buildConfigurations = (
				752373342942C25F001B5A3A /* Debug */,
				752373352942C25F001B5A3A /* Release */,
			);
			defaultConfigurationIsVisible = 0;
			defaultConfigurationName = Release;
		};
		752373362942C25F001B5A3A /* Build configuration list for PBXNativeTarget "QRReader" */ = {
			isa = XCConfigurationList;
			buildConfigurations = (
				752373372942C25F001B5A3A /* Debug */,
				752373382942C25F001B5A3A /* Release */,
			);
			defaultConfigurationIsVisible = 0;
			defaultConfigurationName = Release;
		};
		752373392942C25F001B5A3A /* Build configuration list for PBXNativeTarget "QRReaderTests" */ = {
			isa = XCConfigurationList;
			buildConfigurations = (
				7523733A2942C25F001B5A3A /* Debug */,
				7523733B2942C25F001B5A3A /* Release */,
			);
			defaultConfigurationIsVisible = 0;
			defaultConfigurationName = Release;
		};
		7523733C2942C25F001B5A3A /* Build configuration list for PBXNativeTarget "QRReaderUITests" */ = {
			isa = XCConfigurationList;
			buildConfigurations = (
				7523733D2942C25F001B5A3A /* Debug */,
				7523733E2942C25F001B5A3A /* Release */,
			);
			defaultConfigurationIsVisible = 0;
			defaultConfigurationName = Release;
		};
/* End XCConfigurationList section */
	};
	rootObject = 7523730A2942C25E001B5A3A /* Project object */;
}
